
Microsoft Visual Studio Solution File, Format Version 12.00
# Visual Studio Version 16
VisualStudioVersion = 16.0.32106.194
MinimumVisualStudioVersion = 10.0.40219.1
Project("{FAE04EC0-301F-11D3-BF4B-00C04F79EFBC}") = "Practical_4", "Practical_4\Practical_4.csproj", "{A2FF9F94-3377-433F-9895-E7254836705F}"
EndProject
Global
	GlobalSection(SolutionConfigurationPlatforms) = preSolution
		Debug|Any CPU = Debug|Any CPU
		Release|Any CPU = Release|Any CPU
	EndGlobalSection
	GlobalSection(ProjectConfigurationPlatforms) = postSolution
		{A2FF9F94-3377-433F-9895-E7254836705F}.Debug|Any CPU.ActiveCfg = Debug|Any CPU
		{A2FF9F94-3377-433F-9895-E7254836705F}.Debug|Any CPU.Build.0 = Debug|Any CPU
		{A2FF9F94-3377-433F-9895-E7254836705F}.Release|Any CPU.ActiveCfg = Release|Any CPU
		{A2FF9F94-3377-433F-9895-E7254836705F}.Release|Any CPU.Build.0 = Release|Any CPU
	EndGlobalSection
	GlobalSection(SolutionProperties) = preSolution
		HideSolutionNode = FALSE
	EndGlobalSection
	GlobalSection(ExtensibilityGlobals) = postSolution
		SolutionGuid = {EF9125E9-3943-46B8-88BA-9F25C65A45F9}
	EndGlobalSection
EndGlobal
